
Microsoft Visual Studio Solution File, Format Version 11.00
# Visual Studio 2010
Project("{FAE04EC0-301F-11D3-BF4B-00C04F79EFBC}") = "Kelin-course3-starter-project", "Assembly-CSharp-firstpass.csproj", "{3B1804FD-A0A5-E8B0-C61A-3AF67C0246D3}"
EndProject
Project("{FAE04EC0-301F-11D3-BF4B-00C04F79EFBC}") = "Kelin-course3-starter-project", "Assembly-CSharp.csproj", "{48225AE9-9B79-E06E-4187-2A8764EB1A22}"
EndProject
Project("{FAE04EC0-301F-11D3-BF4B-00C04F79EFBC}") = "Kelin-course3-starter-project", "Assembly-CSharp-Editor.csproj", "{290E6931-653F-877F-B73A-25BBEA96C98E}"
EndProject
Global
	GlobalSection(SolutionConfigurationPlatforms) = preSolution
		Debug|Any CPU = Debug|Any CPU
		Release|Any CPU = Release|Any CPU
	EndGlobalSection
	GlobalSection(ProjectConfigurationPlatforms) = postSolution
		{3B1804FD-A0A5-E8B0-C61A-3AF67C0246D3}.Debug|Any CPU.ActiveCfg = Debug|Any CPU
		{3B1804FD-A0A5-E8B0-C61A-3AF67C0246D3}.Debug|Any CPU.Build.0 = Debug|Any CPU
		{3B1804FD-A0A5-E8B0-C61A-3AF67C0246D3}.Release|Any CPU.ActiveCfg = Release|Any CPU
		{3B1804FD-A0A5-E8B0-C61A-3AF67C0246D3}.Release|Any CPU.Build.0 = Release|Any CPU
		{48225AE9-9B79-E06E-4187-2A8764EB1A22}.Debug|Any CPU.ActiveCfg = Debug|Any CPU
		{48225AE9-9B79-E06E-4187-2A8764EB1A22}.Debug|Any CPU.Build.0 = Debug|Any CPU
		{48225AE9-9B79-E06E-4187-2A8764EB1A22}.Release|Any CPU.ActiveCfg = Release|Any CPU
		{48225AE9-9B79-E06E-4187-2A8764EB1A22}.Release|Any CPU.Build.0 = Release|Any CPU
		{290E6931-653F-877F-B73A-25BBEA96C98E}.Debug|Any CPU.ActiveCfg = Debug|Any CPU
		{290E6931-653F-877F-B73A-25BBEA96C98E}.Debug|Any CPU.Build.0 = Debug|Any CPU
		{290E6931-653F-877F-B73A-25BBEA96C98E}.Release|Any CPU.ActiveCfg = Release|Any CPU
		{290E6931-653F-877F-B73A-25BBEA96C98E}.Release|Any CPU.Build.0 = Release|Any CPU
	EndGlobalSection
	GlobalSection(SolutionProperties) = preSolution
		HideSolutionNode = FALSE
	EndGlobalSection
	GlobalSection(MonoDevelopProperties) = preSolution
		StartupItem = Assembly-CSharp.csproj
	EndGlobalSection
EndGlobal
