
Microsoft Visual Studio Solution File, Format Version 11.00
# Visual Studio 2010
Project("{FAE04EC0-301F-11D3-BF4B-00C04F79EFBC}") = "NightAtTheMuseum", "Assembly-CSharp-firstpass.csproj", "{02221E4E-900D-B17E-FC39-CDB37C3F2E4C}"
EndProject
Project("{FAE04EC0-301F-11D3-BF4B-00C04F79EFBC}") = "NightAtTheMuseum", "Assembly-CSharp.csproj", "{08EB6FAB-B815-2605-C0EB-B10A44AAB8C6}"
EndProject
Project("{FAE04EC0-301F-11D3-BF4B-00C04F79EFBC}") = "NightAtTheMuseum", "Assembly-CSharp-Editor.csproj", "{E8B52D75-8E57-2295-8AA3-1045615DBE13}"
EndProject
Global
	GlobalSection(SolutionConfigurationPlatforms) = preSolution
		Debug|Any CPU = Debug|Any CPU
		Release|Any CPU = Release|Any CPU
	EndGlobalSection
	GlobalSection(ProjectConfigurationPlatforms) = postSolution
		{02221E4E-900D-B17E-FC39-CDB37C3F2E4C}.Debug|Any CPU.ActiveCfg = Debug|Any CPU
		{02221E4E-900D-B17E-FC39-CDB37C3F2E4C}.Debug|Any CPU.Build.0 = Debug|Any CPU
		{02221E4E-900D-B17E-FC39-CDB37C3F2E4C}.Release|Any CPU.ActiveCfg = Release|Any CPU
		{02221E4E-900D-B17E-FC39-CDB37C3F2E4C}.Release|Any CPU.Build.0 = Release|Any CPU
		{08EB6FAB-B815-2605-C0EB-B10A44AAB8C6}.Debug|Any CPU.ActiveCfg = Debug|Any CPU
		{08EB6FAB-B815-2605-C0EB-B10A44AAB8C6}.Debug|Any CPU.Build.0 = Debug|Any CPU
		{08EB6FAB-B815-2605-C0EB-B10A44AAB8C6}.Release|Any CPU.ActiveCfg = Release|Any CPU
		{08EB6FAB-B815-2605-C0EB-B10A44AAB8C6}.Release|Any CPU.Build.0 = Release|Any CPU
		{E8B52D75-8E57-2295-8AA3-1045615DBE13}.Debug|Any CPU.ActiveCfg = Debug|Any CPU
		{E8B52D75-8E57-2295-8AA3-1045615DBE13}.Debug|Any CPU.Build.0 = Debug|Any CPU
		{E8B52D75-8E57-2295-8AA3-1045615DBE13}.Release|Any CPU.ActiveCfg = Release|Any CPU
		{E8B52D75-8E57-2295-8AA3-1045615DBE13}.Release|Any CPU.Build.0 = Release|Any CPU
	EndGlobalSection
	GlobalSection(SolutionProperties) = preSolution
		HideSolutionNode = FALSE
	EndGlobalSection
	GlobalSection(MonoDevelopProperties) = preSolution
		StartupItem = Assembly-CSharp.csproj
	EndGlobalSection
EndGlobal
